Microsoft Visual Studio Solution File, Format Version 11.00
# Visual Studio 2008

Project("{179FB3CF-D84D-8E22-7AC2-0B5B1E5BC3BC}") = "UNETabstract", "Assembly-CSharp-firstpass.csproj", "{D1D1C46E-391D-FABC-7955-6176A8092958}"
EndProject
Project("{179FB3CF-D84D-8E22-7AC2-0B5B1E5BC3BC}") = "UNETabstract", "Assembly-CSharp.csproj", "{57F19644-E6F2-F894-44ED-AAFB7610279E}"
EndProject
Project("{179FB3CF-D84D-8E22-7AC2-0B5B1E5BC3BC}") = "UNETabstract", "Assembly-CSharp-Editor.csproj", "{C869C4D4-B241-9456-AEEA-5060D821A3C6}"
EndProject
Global
	GlobalSection(SolutionConfigurationPlatforms) = preSolution
		Debug|Any CPU = Debug|Any CPU
		Release|Any CPU = Release|Any CPU
	EndGlobalSection
	GlobalSection(ProjectConfigurationPlatforms) = postSolution
		{D1D1C46E-391D-FABC-7955-6176A8092958}.Debug|Any CPU.ActiveCfg = Debug|Any CPU
		{D1D1C46E-391D-FABC-7955-6176A8092958}.Debug|Any CPU.Build.0 = Debug|Any CPU
		{D1D1C46E-391D-FABC-7955-6176A8092958}.Release|Any CPU.ActiveCfg = Release|Any CPU
		{D1D1C46E-391D-FABC-7955-6176A8092958}.Release|Any CPU.Build.0 = Release|Any CPU
		{57F19644-E6F2-F894-44ED-AAFB7610279E}.Debug|Any CPU.ActiveCfg = Debug|Any CPU
		{57F19644-E6F2-F894-44ED-AAFB7610279E}.Debug|Any CPU.Build.0 = Debug|Any CPU
		{57F19644-E6F2-F894-44ED-AAFB7610279E}.Release|Any CPU.ActiveCfg = Release|Any CPU
		{57F19644-E6F2-F894-44ED-AAFB7610279E}.Release|Any CPU.Build.0 = Release|Any CPU
		{C869C4D4-B241-9456-AEEA-5060D821A3C6}.Debug|Any CPU.ActiveCfg = Debug|Any CPU
		{C869C4D4-B241-9456-AEEA-5060D821A3C6}.Debug|Any CPU.Build.0 = Debug|Any CPU
		{C869C4D4-B241-9456-AEEA-5060D821A3C6}.Release|Any CPU.ActiveCfg = Release|Any CPU
		{C869C4D4-B241-9456-AEEA-5060D821A3C6}.Release|Any CPU.Build.0 = Release|Any CPU
	EndGlobalSection
	GlobalSection(SolutionProperties) = preSolution
		HideSolutionNode = FALSE
	EndGlobalSection
	GlobalSection(MonoDevelopProperties) = preSolution
		StartupItem = Assembly-CSharp.csproj
	EndGlobalSection
EndGlobal
